
Microsoft Visual Studio Solution File, Format Version 12.00
# Visual Studio Version 16
VisualStudioVersion = 16.0.29509.3
MinimumVisualStudioVersion = 10.0.40219.1
Project("{FAE04EC0-301F-11D3-BF4B-00C04F79EFBC}") = "ArtsofteTestApp", "ArtsofteTestApp.csproj", "{C1BED31B-ABB9-403C-A165-6917E983FFC5}"
EndProject
Global
	GlobalSection(SolutionConfigurationPlatforms) = preSolution
		Debug|Any CPU = Debug|Any CPU
		Release|Any CPU = Release|Any CPU
	EndGlobalSection
	GlobalSection(ProjectConfigurationPlatforms) = postSolution
		{C1BED31B-ABB9-403C-A165-6917E983FFC5}.Debug|Any CPU.ActiveCfg = Debug|Any CPU
		{C1BED31B-ABB9-403C-A165-6917E983FFC5}.Debug|Any CPU.Build.0 = Debug|Any CPU
		{C1BED31B-ABB9-403C-A165-6917E983FFC5}.Release|Any CPU.ActiveCfg = Release|Any CPU
		{C1BED31B-ABB9-403C-A165-6917E983FFC5}.Release|Any CPU.Build.0 = Release|Any CPU
	EndGlobalSection
	GlobalSection(SolutionProperties) = preSolution
		HideSolutionNode = FALSE
	EndGlobalSection
	GlobalSection(ExtensibilityGlobals) = postSolution
		SolutionGuid = {7B3D4190-A8F1-42BB-AFFD-6EB6418545E9}
	EndGlobalSection
EndGlobal
